
Microsoft Visual Studio Solution File, Format Version 12.00
# Visual Studio Version 16
VisualStudioVersion = 16.0.29905.134
MinimumVisualStudioVersion = 10.0.40219.1
Project("{FAE04EC0-301F-11D3-BF4B-00C04F79EFBC}") = "Lesson12_SortCompare", "Lesson12_SortCompare\Lesson12_SortCompare.csproj", "{83BB334C-C5DB-46C6-A13D-4A350422987B}"
EndProject
Global
	GlobalSection(SolutionConfigurationPlatforms) = preSolution
		Debug|Any CPU = Debug|Any CPU
		Release|Any CPU = Release|Any CPU
	EndGlobalSection
	GlobalSection(ProjectConfigurationPlatforms) = postSolution
		{83BB334C-C5DB-46C6-A13D-4A350422987B}.Debug|Any CPU.ActiveCfg = Debug|Any CPU
		{83BB334C-C5DB-46C6-A13D-4A350422987B}.Debug|Any CPU.Build.0 = Debug|Any CPU
		{83BB334C-C5DB-46C6-A13D-4A350422987B}.Release|Any CPU.ActiveCfg = Release|Any CPU
		{83BB334C-C5DB-46C6-A13D-4A350422987B}.Release|Any CPU.Build.0 = Release|Any CPU
	EndGlobalSection
	GlobalSection(SolutionProperties) = preSolution
		HideSolutionNode = FALSE
	EndGlobalSection
	GlobalSection(ExtensibilityGlobals) = postSolution
		SolutionGuid = {E6A9695E-BE75-4BBD-993A-5A4C97356AC9}
	EndGlobalSection
EndGlobal
